// !$*UTF8*$!
{
	archiveVersion = 1;
	classes = {
	};
	objectVersion = 46;
	objects = {

/* Begin PBXBuildFile section */
		4F872AB5164BE5A8004DC64A /* FXLabel.m in Sources */ = {isa = PBXBuildFile; fileRef = 4F872AB4164BE5A7004DC64A /* FXLabel.m */; };
		4F872AB9164BF150004DC64A /* QuartzCore.framework in Frameworks */ = {isa = PBXBuildFile; fileRef = 4F872AB8164BF150004DC64A /* QuartzCore.framework */; };
		4F872ACA164BF8B4004DC64A /* GridViewCell.m in Sources */ = {isa = PBXBuildFile; fileRef = 4F872AC9164BF8B4004DC64A /* GridViewCell.m */; };
		4F872AEC164BFB41004DC64A /* AQGridView.m in Sources */ = {isa = PBXBuildFile; fileRef = 4F872AD2164BFB41004DC64A /* AQGridView.m */; };
		4F872AED164BFB41004DC64A /* AQGridViewAnimatorItem.m in Sources */ = {isa = PBXBuildFile; fileRef = 4F872AD4164BFB41004DC64A /* AQGridViewAnimatorItem.m */; };
		4F872AEE164BFB41004DC64A /* AQGridViewCell.m in Sources */ = {isa = PBXBuildFile; fileRef = 4F872AD7164BFB41004DC64A /* AQGridViewCell.m */; };
		4F872AEF164BFB41004DC64A /* AQGridViewController.m in Sources */ = {isa = PBXBuildFile; fileRef = 4F872AD9164BFB41004DC64A /* AQGridViewController.m */; };
		4F872AF0164BFB41004DC64A /* AQGridViewData.m in Sources */ = {isa = PBXBuildFile; fileRef = 4F872ADB164BFB41004DC64A /* AQGridViewData.m */; };
		4F872AF1164BFB41004DC64A /* AQGridViewUpdateInfo.m in Sources */ = {isa = PBXBuildFile; fileRef = 4F872ADD164BFB41004DC64A /* AQGridViewUpdateInfo.m */; };
		4F872AF2164BFB41004DC64A /* AQGridViewUpdateItem.m in Sources */ = {isa = PBXBuildFile; fileRef = 4F872ADF164BFB41004DC64A /* AQGridViewUpdateItem.m */; };
		4F872AF3164BFB41004DC64A /* NSIndexSet+AQIndexesOutsideSet.m in Sources */ = {isa = PBXBuildFile; fileRef = 4F872AE1164BFB41004DC64A /* NSIndexSet+AQIndexesOutsideSet.m */; };
		4F872AF4164BFB41004DC64A /* NSIndexSet+AQIsSetContiguous.m in Sources */ = {isa = PBXBuildFile; fileRef = 4F872AE3164BFB41004DC64A /* NSIndexSet+AQIsSetContiguous.m */; };
		4F872AF5164BFB41004DC64A /* UIColor+AQGridView.m in Sources */ = {isa = PBXBuildFile; fileRef = 4F872AE5164BFB41004DC64A /* UIColor+AQGridView.m */; };
		4F872AF6164BFB41004DC64A /* AQGridSelection.png in Resources */ = {isa = PBXBuildFile; fileRef = 4F872AE7164BFB41004DC64A /* AQGridSelection.png */; };
		4F872AF7164BFB41004DC64A /* AQGridSelectionGray.png in Resources */ = {isa = PBXBuildFile; fileRef = 4F872AE8164BFB41004DC64A /* AQGridSelectionGray.png */; };
		4F872AF8164BFB41004DC64A /* AQGridSelectionGrayBlue.png in Resources */ = {isa = PBXBuildFile; fileRef = 4F872AE9164BFB41004DC64A /* AQGridSelectionGrayBlue.png */; };
		4F872AF9164BFB41004DC64A /* AQGridSelectionGreen.png in Resources */ = {isa = PBXBuildFile; fileRef = 4F872AEA164BFB41004DC64A /* AQGridSelectionGreen.png */; };
		4F872AFA164BFB41004DC64A /* AQGridSelectionRed.png in Resources */ = {isa = PBXBuildFile; fileRef = 4F872AEB164BFB41004DC64A /* AQGridSelectionRed.png */; };
		4F872AFD164C01B5004DC64A /* GridViewController.m in Sources */ = {isa = PBXBuildFile; fileRef = 4F872AFC164C01B5004DC64A /* GridViewController.m */; };
		4F886B47164C173E001E3783 /* bg-app.png in Resources */ = {isa = PBXBuildFile; fileRef = 4F886B35164C173E001E3783 /* bg-app.png */; };
		4F886B48164C173E001E3783 /* bg-app@2x.png in Resources */ = {isa = PBXBuildFile; fileRef = 4F886B36164C173E001E3783 /* bg-app@2x.png */; };
		4F886B49164C173E001E3783 /* bg-splash.png in Resources */ = {isa = PBXBuildFile; fileRef = 4F886B37164C173E001E3783 /* bg-splash.png */; };
		4F886B4A164C173E001E3783 /* bg-splash@2x.png in Resources */ = {isa = PBXBuildFile; fileRef = 4F886B38164C173E001E3783 /* bg-splash@2x.png */; };
		4F886B4B164C173E001E3783 /* button-splash-pressed.png in Resources */ = {isa = PBXBuildFile; fileRef = 4F886B39164C173E001E3783 /* button-splash-pressed.png */; };
		4F886B4C164C173E001E3783 /* button-splash-pressed@2x.png in Resources */ = {isa = PBXBuildFile; fileRef = 4F886B3A164C173E001E3783 /* button-splash-pressed@2x.png */; };
		4F886B4D164C173E001E3783 /* button-splash.png in Resources */ = {isa = PBXBuildFile; fileRef = 4F886B3B164C173E001E3783 /* button-splash.png */; };
		4F886B4E164C173E001E3783 /* button-splash@2x.png in Resources */ = {isa = PBXBuildFile; fileRef = 4F886B3C164C173E001E3783 /* button-splash@2x.png */; };
		4F886B4F164C173E001E3783 /* menubar.png in Resources */ = {isa = PBXBuildFile; fileRef = 4F886B3D164C173E001E3783 /* menubar.png */; };
		4F886B50164C173E001E3783 /* menubar@2x.png in Resources */ = {isa = PBXBuildFile; fileRef = 4F886B3E164C173E001E3783 /* menubar@2x.png */; };
		4F886B51164C173E001E3783 /* service-1.jpg in Resources */ = {isa = PBXBuildFile; fileRef = 4F886B3F164C173E001E3783 /* service-1.jpg */; };
		4F886B52164C173E001E3783 /* service-2.jpg in Resources */ = {isa = PBXBuildFile; fileRef = 4F886B40164C173E001E3783 /* service-2.jpg */; };
		4F886B53164C173E001E3783 /* service-3.jpg in Resources */ = {isa = PBXBuildFile; fileRef = 4F886B41164C173E001E3783 /* service-3.jpg */; };
		4F886B54164C173E001E3783 /* service-4.jpg in Resources */ = {isa = PBXBuildFile; fileRef = 4F886B42164C173E001E3783 /* service-4.jpg */; };
		4F886B55164C173E001E3783 /* service-5.jpg in Resources */ = {isa = PBXBuildFile; fileRef = 4F886B43164C173E001E3783 /* service-5.jpg */; };
		4F886B56164C173E001E3783 /* service-6.jpg in Resources */ = {isa = PBXBuildFile; fileRef = 4F886B44164C173E001E3783 /* service-6.jpg */; };
		4F886B57164C173E001E3783 /* tab-mask.png in Resources */ = {isa = PBXBuildFile; fileRef = 4F886B45164C173E001E3783 /* tab-mask.png */; };
		4F886B58164C173E001E3783 /* tab-mask@2x.png in Resources */ = {isa = PBXBuildFile; fileRef = 4F886B46164C173E001E3783 /* tab-mask@2x.png */; };
		4F886B5B164C2413001E3783 /* BusinessService.h in Sources */ = {isa = PBXBuildFile; fileRef = 4F886B59164C2413001E3783 /* BusinessService.h */; };
		4F886B5C164C2413001E3783 /* BusinessService.m in Sources */ = {isa = PBXBuildFile; fileRef = 4F886B5A164C2413001E3783 /* BusinessService.m */; };
		4FBDAD01164AB02300586178 /* UIKit.framework in Frameworks */ = {isa = PBXBuildFile; fileRef = 4FBDAD00164AB02300586178 /* UIKit.framework */; };
		4FBDAD03164AB02300586178 /* Foundation.framework in Frameworks */ = {isa = PBXBuildFile; fileRef = 4FBDAD02164AB02300586178 /* Foundation.framework */; };
		4FBDAD05164AB02300586178 /* CoreGraphics.framework in Frameworks */ = {isa = PBXBuildFile; fileRef = 4FBDAD04164AB02300586178 /* CoreGraphics.framework */; };
		4FBDAD0B164AB02300586178 /* InfoPlist.strings in Resources */ = {isa = PBXBuildFile; fileRef = 4FBDAD09164AB02300586178 /* InfoPlist.strings */; };
		4FBDAD0D164AB02300586178 /* main.m in Sources */ = {isa = PBXBuildFile; fileRef = 4FBDAD0C164AB02300586178 /* main.m */; };
		4FBDAD11164AB02300586178 /* AppDelegate.m in Sources */ = {isa = PBXBuildFile; fileRef = 4FBDAD10164AB02300586178 /* AppDelegate.m */; };
		4FBDAD14164AB02300586178 /* MainStoryboard_iPhone.storyboard in Resources */ = {isa = PBXBuildFile; fileRef = 4FBDAD12164AB02300586178 /* MainStoryboard_iPhone.storyboard */; };
		4FBDAD17164AB02300586178 /* MainStoryboard_iPad.storyboard in Resources */ = {isa = PBXBuildFile; fileRef = 4FBDAD15164AB02300586178 /* MainStoryboard_iPad.storyboard */; };
		4FBDAD1A164AB02300586178 /* FirstViewController.m in Sources */ = {isa = PBXBuildFile; fileRef = 4FBDAD19164AB02300586178 /* FirstViewController.m */; };
		4FBDAD1C164AB02400586178 /* first.png in Resources */ = {isa = PBXBuildFile; fileRef = 4FBDAD1B164AB02400586178 /* first.png */; };
		4FBDAD1E164AB02400586178 /* first@2x.png in Resources */ = {isa = PBXBuildFile; fileRef = 4FBDAD1D164AB02400586178 /* first@2x.png */; };
		4FBDAD21164AB02400586178 /* SecondViewController.m in Sources */ = {isa = PBXBuildFile; fileRef = 4FBDAD20164AB02400586178 /* SecondViewController.m */; };
		4FBDAD23164AB02400586178 /* second.png in Resources */ = {isa = PBXBuildFile; fileRef = 4FBDAD22164AB02400586178 /* second.png */; };
		4FBDAD25164AB02400586178 /* second@2x.png in Resources */ = {isa = PBXBuildFile; fileRef = 4FBDAD24164AB02400586178 /* second@2x.png */; };
		4FED9BAF16510F4600421D7B /* DetailViewController.h in Sources */ = {isa = PBXBuildFile; fileRef = 4FED9BAD16510F4600421D7B /* DetailViewController.h */; };
		4FED9BB016510F4600421D7B /* DetailViewController.m in Sources */ = {isa = PBXBuildFile; fileRef = 4FED9BAE16510F4600421D7B /* DetailViewController.m */; };
		4FED9BB4165114D400421D7B /* DataModel.h in Sources */ = {isa = PBXBuildFile; fileRef = 4FED9BB2165114D300421D7B /* DataModel.h */; };
		4FED9BB5165114D400421D7B /* DataModel.m in Sources */ = {isa = PBXBuildFile; fileRef = 4FED9BB3165114D400421D7B /* DataModel.m */; };
/* End PBXBuildFile section */

/* Begin PBXFileReference section */
		4F872AB3164BE5A7004DC64A /* FXLabel.h */ = {isa = PBXFileReference; fileEncoding = 4; lastKnownFileType = sourcecode.c.h; path = FXLabel.h; sourceTree = "<group>"; };
		4F872AB4164BE5A7004DC64A /* FXLabel.m */ = {isa = PBXFileReference; fileEncoding = 4; lastKnownFileType = sourcecode.c.objc; path = FXLabel.m; sourceTree = "<group>"; };
		4F872AB8164BF150004DC64A /* QuartzCore.framework */ = {isa = PBXFileReference; lastKnownFileType = wrapper.framework; name = QuartzCore.framework; path = System/Library/Frameworks/QuartzCore.framework; sourceTree = SDKROOT; };
		4F872AC8164BF8B4004DC64A /* GridViewCell.h */ = {isa = PBXFileReference; fileEncoding = 4; lastKnownFileType = sourcecode.c.h; path = GridViewCell.h; sourceTree = "<group>"; };
		4F872AC9164BF8B4004DC64A /* GridViewCell.m */ = {isa = PBXFileReference; fileEncoding = 4; lastKnownFileType = sourcecode.c.objc; path = GridViewCell.m; sourceTree = "<group>"; };
		4F872ACF164BFB41004DC64A /* AQGridView+CellLayout.h */ = {isa = PBXFileReference; fileEncoding = 4; lastKnownFileType = sourcecode.c.h; path = "AQGridView+CellLayout.h"; sourceTree = "<group>"; };
		4F872AD0164BFB41004DC64A /* AQGridView+CellLocationDelegation.h */ = {isa = PBXFileReference; fileEncoding = 4; lastKnownFileType = sourcecode.c.h; path = "AQGridView+CellLocationDelegation.h"; sourceTree = "<group>"; };
		4F872AD1164BFB41004DC64A /* AQGridView.h */ = {isa = PBXFileReference; fileEncoding = 4; lastKnownFileType = sourcecode.c.h; path = AQGridView.h; sourceTree = "<group>"; };
		4F872AD2164BFB41004DC64A /* AQGridView.m */ = {isa = PBXFileReference; fileEncoding = 4; lastKnownFileType = sourcecode.c.objc; path = AQGridView.m; sourceTree = "<group>"; };
		4F872AD3164BFB41004DC64A /* AQGridViewAnimatorItem.h */ = {isa = PBXFileReference; fileEncoding = 4; lastKnownFileType = sourcecode.c.h; path = AQGridViewAnimatorItem.h; sourceTree = "<group>"; };
		4F872AD4164BFB41004DC64A /* AQGridViewAnimatorItem.m */ = {isa = PBXFileReference; fileEncoding = 4; lastKnownFileType = sourcecode.c.objc; path = AQGridViewAnimatorItem.m; sourceTree = "<group>"; };
		4F872AD5164BFB41004DC64A /* AQGridViewCell+AQGridViewCellPrivate.h */ = {isa = PBXFileReference; fileEncoding = 4; lastKnownFileType = sourcecode.c.h; path = "AQGridViewCell+AQGridViewCellPrivate.h"; sourceTree = "<group>"; };
		4F872AD6164BFB41004DC64A /* AQGridViewCell.h */ = {isa = PBXFileReference; fileEncoding = 4; lastKnownFileType = sourcecode.c.h; path = AQGridViewCell.h; sourceTree = "<group>"; };
		4F872AD7164BFB41004DC64A /* AQGridViewCell.m */ = {isa = PBXFileReference; fileEncoding = 4; lastKnownFileType = sourcecode.c.objc; path = AQGridViewCell.m; sourceTree = "<group>"; };
		4F872AD8164BFB41004DC64A /* AQGridViewController.h */ = {isa = PBXFileReference; fileEncoding = 4; lastKnownFileType = sourcecode.c.h; path = AQGridViewController.h; sourceTree = "<group>"; };
		4F872AD9164BFB41004DC64A /* AQGridViewController.m */ = {isa = PBXFileReference; fileEncoding = 4; lastKnownFileType = sourcecode.c.objc; path = AQGridViewController.m; sourceTree = "<group>"; };
		4F872ADA164BFB41004DC64A /* AQGridViewData.h */ = {isa = PBXFileReference; fileEncoding = 4; lastKnownFileType = sourcecode.c.h; path = AQGridViewData.h; sourceTree = "<group>"; };
		4F872ADB164BFB41004DC64A /* AQGridViewData.m */ = {isa = PBXFileReference; fileEncoding = 4; lastKnownFileType = sourcecode.c.objc; path = AQGridViewData.m; sourceTree = "<group>"; };
		4F872ADC164BFB41004DC64A /* AQGridViewUpdateInfo.h */ = {isa = PBXFileReference; fileEncoding = 4; lastKnownFileType = sourcecode.c.h; path = AQGridViewUpdateInfo.h; sourceTree = "<group>"; };
		4F872ADD164BFB41004DC64A /* AQGridViewUpdateInfo.m */ = {isa = PBXFileReference; fileEncoding = 4; lastKnownFileType = sourcecode.c.objc; path = AQGridViewUpdateInfo.m; sourceTree = "<group>"; };
		4F872ADE164BFB41004DC64A /* AQGridViewUpdateItem.h */ = {isa = PBXFileReference; fileEncoding = 4; lastKnownFileType = sourcecode.c.h; path = AQGridViewUpdateItem.h; sourceTree = "<group>"; };
		4F872ADF164BFB41004DC64A /* AQGridViewUpdateItem.m */ = {isa = PBXFileReference; fileEncoding = 4; lastKnownFileType = sourcecode.c.objc; path = AQGridViewUpdateItem.m; sourceTree = "<group>"; };
		4F872AE0164BFB41004DC64A /* NSIndexSet+AQIndexesOutsideSet.h */ = {isa = PBXFileReference; fileEncoding = 4; lastKnownFileType = sourcecode.c.h; path = "NSIndexSet+AQIndexesOutsideSet.h"; sourceTree = "<group>"; };
		4F872AE1164BFB41004DC64A /* NSIndexSet+AQIndexesOutsideSet.m */ = {isa = PBXFileReference; fileEncoding = 4; lastKnownFileType = sourcecode.c.objc; path = "NSIndexSet+AQIndexesOutsideSet.m"; sourceTree = "<group>"; };
		4F872AE2164BFB41004DC64A /* NSIndexSet+AQIsSetContiguous.h */ = {isa = PBXFileReference; fileEncoding = 4; lastKnownFileType = sourcecode.c.h; path = "NSIndexSet+AQIsSetContiguous.h"; sourceTree = "<group>"; };
		4F872AE3164BFB41004DC64A /* NSIndexSet+AQIsSetContiguous.m */ = {isa = PBXFileReference; fileEncoding = 4; lastKnownFileType = sourcecode.c.objc; path = "NSIndexSet+AQIsSetContiguous.m"; sourceTree = "<group>"; };
		4F872AE4164BFB41004DC64A /* UIColor+AQGridView.h */ = {isa = PBXFileReference; fileEncoding = 4; lastKnownFileType = sourcecode.c.h; path = "UIColor+AQGridView.h"; sourceTree = "<group>"; };
		4F872AE5164BFB41004DC64A /* UIColor+AQGridView.m */ = {isa = PBXFileReference; fileEncoding = 4; lastKnownFileType = sourcecode.c.objc; path = "UIColor+AQGridView.m"; sourceTree = "<group>"; };
		4F872AE7164BFB41004DC64A /* AQGridSelection.png */ = {isa = PBXFileReference; lastKnownFileType = image.png; path = AQGridSelection.png; sourceTree = "<group>"; };
		4F872AE8164BFB41004DC64A /* AQGridSelectionGray.png */ = {isa = PBXFileReference; lastKnownFileType = image.png; path = AQGridSelectionGray.png; sourceTree = "<group>"; };
		4F872AE9164BFB41004DC64A /* AQGridSelectionGrayBlue.png */ = {isa = PBXFileReference; lastKnownFileType = image.png; path = AQGridSelectionGrayBlue.png; sourceTree = "<group>"; };
		4F872AEA164BFB41004DC64A /* AQGridSelectionGreen.png */ = {isa = PBXFileReference; lastKnownFileType = image.png; path = AQGridSelectionGreen.png; sourceTree = "<group>"; };
		4F872AEB164BFB41004DC64A /* AQGridSelectionRed.png */ = {isa = PBXFileReference; lastKnownFileType = image.png; path = AQGridSelectionRed.png; sourceTree = "<group>"; };
		4F872AFB164C01B4004DC64A /* GridViewController.h */ = {isa = PBXFileReference; fileEncoding = 4; lastKnownFileType = sourcecode.c.h; path = GridViewController.h; sourceTree = "<group>"; };
		4F872AFC164C01B5004DC64A /* GridViewController.m */ = {isa = PBXFileReference; fileEncoding = 4; lastKnownFileType = sourcecode.c.objc; path = GridViewController.m; sourceTree = "<group>"; };
		4F886B35164C173E001E3783 /* bg-app.png */ = {isa = PBXFileReference; lastKnownFileType = image.png; path = "bg-app.png"; sourceTree = "<group>"; };
		4F886B36164C173E001E3783 /* bg-app@2x.png */ = {isa = PBXFileReference; lastKnownFileType = image.png; path = "bg-app@2x.png"; sourceTree = "<group>"; };
		4F886B37164C173E001E3783 /* bg-splash.png */ = {isa = PBXFileReference; lastKnownFileType = image.png; path = "bg-splash.png"; sourceTree = "<group>"; };
		4F886B38164C173E001E3783 /* bg-splash@2x.png */ = {isa = PBXFileReference; lastKnownFileType = image.png; path = "bg-splash@2x.png"; sourceTree = "<group>"; };
		4F886B39164C173E001E3783 /* button-splash-pressed.png */ = {isa = PBXFileReference; lastKnownFileType = image.png; path = "button-splash-pressed.png"; sourceTree = "<group>"; };
		4F886B3A164C173E001E3783 /* button-splash-pressed@2x.png */ = {isa = PBXFileReference; lastKnownFileType = image.png; path = "button-splash-pressed@2x.png"; sourceTree = "<group>"; };
		4F886B3B164C173E001E3783 /* button-splash.png */ = {isa = PBXFileReference; lastKnownFileType = image.png; path = "button-splash.png"; sourceTree = "<group>"; };
		4F886B3C164C173E001E3783 /* button-splash@2x.png */ = {isa = PBXFileReference; lastKnownFileType = image.png; path = "button-splash@2x.png"; sourceTree = "<group>"; };
		4F886B3D164C173E001E3783 /* menubar.png */ = {isa = PBXFileReference; lastKnownFileType = image.png; path = menubar.png; sourceTree = "<group>"; };
		4F886B3E164C173E001E3783 /* menubar@2x.png */ = {isa = PBXFileReference; lastKnownFileType = image.png; path = "menubar@2x.png"; sourceTree = "<group>"; };
		4F886B3F164C173E001E3783 /* service-1.jpg */ = {isa = PBXFileReference; lastKnownFileType = image.jpeg; path = "service-1.jpg"; sourceTree = "<group>"; };
		4F886B40164C173E001E3783 /* service-2.jpg */ = {isa = PBXFileReference; lastKnownFileType = image.jpeg; path = "service-2.jpg"; sourceTree = "<group>"; };
		4F886B41164C173E001E3783 /* service-3.jpg */ = {isa = PBXFileReference; lastKnownFileType = image.jpeg; path = "service-3.jpg"; sourceTree = "<group>"; };
		4F886B42164C173E001E3783 /* service-4.jpg */ = {isa = PBXFileReference; lastKnownFileType = image.jpeg; path = "service-4.jpg"; sourceTree = "<group>"; };
		4F886B43164C173E001E3783 /* service-5.jpg */ = {isa = PBXFileReference; lastKnownFileType = image.jpeg; path = "service-5.jpg"; sourceTree = "<group>"; };
		4F886B44164C173E001E3783 /* service-6.jpg */ = {isa = PBXFileReference; lastKnownFileType = image.jpeg; path = "service-6.jpg"; sourceTree = "<group>"; };
		4F886B45164C173E001E3783 /* tab-mask.png */ = {isa = PBXFileReference; lastKnownFileType = image.png; path = "tab-mask.png"; sourceTree = "<group>"; };
		4F886B46164C173E001E3783 /* tab-mask@2x.png */ = {isa = PBXFileReference; lastKnownFileType = image.png; path = "tab-mask@2x.png"; sourceTree = "<group>"; };
		4F886B59164C2413001E3783 /* BusinessService.h */ = {isa = PBXFileReference; fileEncoding = 4; lastKnownFileType = sourcecode.objj.h; path = BusinessService.h; sourceTree = "<group>"; };
		4F886B5A164C2413001E3783 /* BusinessService.m */ = {isa = PBXFileReference; fileEncoding = 4; lastKnownFileType = sourcecode.c.objc; path = BusinessService.m; sourceTree = "<group>"; };
		4FBDACFC164AB02300586178 /* BizApp.app */ = {isa = PBXFileReference; explicitFileType = wrapper.application; includeInIndex = 0; path = BizApp.app; sourceTree = BUILT_PRODUCTS_DIR; };
		4FBDAD00164AB02300586178 /* UIKit.framework */ = {isa = PBXFileReference; lastKnownFileType = wrapper.framework; name = UIKit.framework; path = System/Library/Frameworks/UIKit.framework; sourceTree = SDKROOT; };
		4FBDAD02164AB02300586178 /* Foundation.framework */ = {isa = PBXFileReference; lastKnownFileType = wrapper.framework; name = Foundation.framework; path = System/Library/Frameworks/Foundation.framework; sourceTree = SDKROOT; };
		4FBDAD04164AB02300586178 /* CoreGraphics.framework */ = {isa = PBXFileReference; lastKnownFileType = wrapper.framework; name = CoreGraphics.framework; path = System/Library/Frameworks/CoreGraphics.framework; sourceTree = SDKROOT; };
		4FBDAD08164AB02300586178 /* BizApp-Info.plist */ = {isa = PBXFileReference; lastKnownFileType = text.plist.xml; path = "BizApp-Info.plist"; sourceTree = "<group>"; };
		4FBDAD0A164AB02300586178 /* en */ = {isa = PBXFileReference; lastKnownFileType = text.plist.strings; name = en; path = en.lproj/InfoPlist.strings; sourceTree = "<group>"; };
		4FBDAD0C164AB02300586178 /* main.m */ = {isa = PBXFileReference; lastKnownFileType = sourcecode.c.objc; path = main.m; sourceTree = "<group>"; };
		4FBDAD0E164AB02300586178 /* BizApp-Prefix.pch */ = {isa = PBXFileReference; lastKnownFileType = sourcecode.c.h; path = "BizApp-Prefix.pch"; sourceTree = "<group>"; };
		4FBDAD0F164AB02300586178 /* AppDelegate.h */ = {isa = PBXFileReference; lastKnownFileType = sourcecode.objj.h; path = AppDelegate.h; sourceTree = "<group>"; };
		4FBDAD10164AB02300586178 /* AppDelegate.m */ = {isa = PBXFileReference; lastKnownFileType = sourcecode.c.objc; path = AppDelegate.m; sourceTree = "<group>"; };
		4FBDAD13164AB02300586178 /* en */ = {isa = PBXFileReference; lastKnownFileType = file.storyboard; name = en; path = en.lproj/MainStoryboard_iPhone.storyboard; sourceTree = "<group>"; };
		4FBDAD16164AB02300586178 /* en */ = {isa = PBXFileReference; lastKnownFileType = file.storyboard; name = en; path = en.lproj/MainStoryboard_iPad.storyboard; sourceTree = "<group>"; };
		4FBDAD18164AB02300586178 /* FirstViewController.h */ = {isa = PBXFileReference; lastKnownFileType = sourcecode.objj.h; path = FirstViewController.h; sourceTree = "<group>"; };
		4FBDAD19164AB02300586178 /* FirstViewController.m */ = {isa = PBXFileReference; lastKnownFileType = sourcecode.c.objc; path = FirstViewController.m; sourceTree = "<group>"; };
		4FBDAD1B164AB02400586178 /* first.png */ = {isa = PBXFileReference; lastKnownFileType = image.png; path = first.png; sourceTree = "<group>"; };
		4FBDAD1D164AB02400586178 /* first@2x.png */ = {isa = PBXFileReference; lastKnownFileType = image.png; path = "first@2x.png"; sourceTree = "<group>"; };
		4FBDAD1F164AB02400586178 /* SecondViewController.h */ = {isa = PBXFileReference; lastKnownFileType = sourcecode.objj.h; path = SecondViewController.h; sourceTree = "<group>"; };
		4FBDAD20164AB02400586178 /* SecondViewController.m */ = {isa = PBXFileReference; lastKnownFileType = sourcecode.c.objc; path = SecondViewController.m; sourceTree = "<group>"; };
		4FBDAD22164AB02400586178 /* second.png */ = {isa = PBXFileReference; lastKnownFileType = image.png; path = second.png; sourceTree = "<group>"; };
		4FBDAD24164AB02400586178 /* second@2x.png */ = {isa = PBXFileReference; lastKnownFileType = image.png; path = "second@2x.png"; sourceTree = "<group>"; };
		4FED9BAD16510F4600421D7B /* DetailViewController.h */ = {isa = PBXFileReference; fileEncoding = 4; lastKnownFileType = sourcecode.objj.h; path = DetailViewController.h; sourceTree = "<group>"; };
		4FED9BAE16510F4600421D7B /* DetailViewController.m */ = {isa = PBXFileReference; fileEncoding = 4; lastKnownFileType = sourcecode.c.objc; path = DetailViewController.m; sourceTree = "<group>"; };
		4FED9BB2165114D300421D7B /* DataModel.h */ = {isa = PBXFileReference; fileEncoding = 4; lastKnownFileType = sourcecode.objj.h; path = DataModel.h; sourceTree = "<group>"; };
		4FED9BB3165114D400421D7B /* DataModel.m */ = {isa = PBXFileReference; fileEncoding = 4; lastKnownFileType = sourcecode.c.objc; path = DataModel.m; sourceTree = "<group>"; };
/* End PBXFileReference section */

/* Begin PBXFrameworksBuildPhase section */
		4FBDACF9164AB02300586178 /* Frameworks */ = {
			isa = PBXFrameworksBuildPhase;
			buildActionMask = 2147483647;
			files = (
				4F872AB9164BF150004DC64A /* QuartzCore.framework in Frameworks */,
				4FBDAD01164AB02300586178 /* UIKit.framework in Frameworks */,
				4FBDAD03164AB02300586178 /* Foundation.framework in Frameworks */,
				4FBDAD05164AB02300586178 /* CoreGraphics.framework in Frameworks */,
			);
			runOnlyForDeploymentPostprocessing = 0;
		};
/* End PBXFrameworksBuildPhase section */

/* Begin PBXGroup section */
		4F872AA1164BE09B004DC64A /* Resources */ = {
			isa = PBXGroup;
			children = (
				4F886B35164C173E001E3783 /* bg-app.png */,
				4F886B36164C173E001E3783 /* bg-app@2x.png */,
				4F886B37164C173E001E3783 /* bg-splash.png */,
				4F886B38164C173E001E3783 /* bg-splash@2x.png */,
				4F886B39164C173E001E3783 /* button-splash-pressed.png */,
				4F886B3A164C173E001E3783 /* button-splash-pressed@2x.png */,
				4F886B3B164C173E001E3783 /* button-splash.png */,
				4F886B3C164C173E001E3783 /* button-splash@2x.png */,
				4F886B3D164C173E001E3783 /* menubar.png */,
				4F886B3E164C173E001E3783 /* menubar@2x.png */,
				4F886B3F164C173E001E3783 /* service-1.jpg */,
				4F886B40164C173E001E3783 /* service-2.jpg */,
				4F886B41164C173E001E3783 /* service-3.jpg */,
				4F886B42164C173E001E3783 /* service-4.jpg */,
				4F886B43164C173E001E3783 /* service-5.jpg */,
				4F886B44164C173E001E3783 /* service-6.jpg */,
				4F886B45164C173E001E3783 /* tab-mask.png */,
				4F886B46164C173E001E3783 /* tab-mask@2x.png */,
			);
			name = Resources;
			sourceTree = "<group>";
		};
		4F872ACD164BFB41004DC64A /* AQGridView */ = {
			isa = PBXGroup;
			children = (
				4F872ACE164BFB41004DC64A /* Classes */,
				4F872AE6164BFB41004DC64A /* Resources */,
			);
			path = AQGridView;
			sourceTree = "<group>";
		};
		4F872ACE164BFB41004DC64A /* Classes */ = {
			isa = PBXGroup;
			children = (
				4F872ACF164BFB41004DC64A /* AQGridView+CellLayout.h */,
				4F872AD0164BFB41004DC64A /* AQGridView+CellLocationDelegation.h */,
				4F872AD1164BFB41004DC64A /* AQGridView.h */,
				4F872AD2164BFB41004DC64A /* AQGridView.m */,
				4F872AD3164BFB41004DC64A /* AQGridViewAnimatorItem.h */,
				4F872AD4164BFB41004DC64A /* AQGridViewAnimatorItem.m */,
				4F872AD5164BFB41004DC64A /* AQGridViewCell+AQGridViewCellPrivate.h */,
				4F872AD6164BFB41004DC64A /* AQGridViewCell.h */,
				4F872AD7164BFB41004DC64A /* AQGridViewCell.m */,
				4F872AD8164BFB41004DC64A /* AQGridViewController.h */,
				4F872AD9164BFB41004DC64A /* AQGridViewController.m */,
				4F872ADA164BFB41004DC64A /* AQGridViewData.h */,
				4F872ADB164BFB41004DC64A /* AQGridViewData.m */,
				4F872ADC164BFB41004DC64A /* AQGridViewUpdateInfo.h */,
				4F872ADD164BFB41004DC64A /* AQGridViewUpdateInfo.m */,
				4F872ADE164BFB41004DC64A /* AQGridViewUpdateItem.h */,
				4F872ADF164BFB41004DC64A /* AQGridViewUpdateItem.m */,
				4F872AE0164BFB41004DC64A /* NSIndexSet+AQIndexesOutsideSet.h */,
				4F872AE1164BFB41004DC64A /* NSIndexSet+AQIndexesOutsideSet.m */,
				4F872AE2164BFB41004DC64A /* NSIndexSet+AQIsSetContiguous.h */,
				4F872AE3164BFB41004DC64A /* NSIndexSet+AQIsSetContiguous.m */,
				4F872AE4164BFB41004DC64A /* UIColor+AQGridView.h */,
				4F872AE5164BFB41004DC64A /* UIColor+AQGridView.m */,
			);
			path = Classes;
			sourceTree = "<group>";
		};
		4F872AE6164BFB41004DC64A /* Resources */ = {
			isa = PBXGroup;
			children = (
				4F872AE7164BFB41004DC64A /* AQGridSelection.png */,
				4F872AE8164BFB41004DC64A /* AQGridSelectionGray.png */,
				4F872AE9164BFB41004DC64A /* AQGridSelectionGrayBlue.png */,
				4F872AEA164BFB41004DC64A /* AQGridSelectionGreen.png */,
				4F872AEB164BFB41004DC64A /* AQGridSelectionRed.png */,
			);
			path = Resources;
			sourceTree = "<group>";
		};
		4FBDACF1164AB02300586178 = {
			isa = PBXGroup;
			children = (
				4F872ACD164BFB41004DC64A /* AQGridView */,
				4F872AB8164BF150004DC64A /* QuartzCore.framework */,
				4FBDAD06164AB02300586178 /* BizApp */,
				4FBDACFF164AB02300586178 /* Frameworks */,
				4FBDACFD164AB02300586178 /* Products */,
			);
			sourceTree = "<group>";
		};
		4FBDACFD164AB02300586178 /* Products */ = {
			isa = PBXGroup;
			children = (
				4FBDACFC164AB02300586178 /* BizApp.app */,
			);
			name = Products;
			sourceTree = "<group>";
		};
		4FBDACFF164AB02300586178 /* Frameworks */ = {
			isa = PBXGroup;
			children = (
				4FBDAD00164AB02300586178 /* UIKit.framework */,
				4FBDAD02164AB02300586178 /* Foundation.framework */,
				4FBDAD04164AB02300586178 /* CoreGraphics.framework */,
			);
			name = Frameworks;
			sourceTree = "<group>";
		};
		4FBDAD06164AB02300586178 /* BizApp */ = {
			isa = PBXGroup;
			children = (
				4F872AB3164BE5A7004DC64A /* FXLabel.h */,
				4F872AB4164BE5A7004DC64A /* FXLabel.m */,
				4F872AA1164BE09B004DC64A /* Resources */,
				4FBDAD0F164AB02300586178 /* AppDelegate.h */,
				4FBDAD10164AB02300586178 /* AppDelegate.m */,
				4FBDAD12164AB02300586178 /* MainStoryboard_iPhone.storyboard */,
				4FBDAD15164AB02300586178 /* MainStoryboard_iPad.storyboard */,
				4FBDAD18164AB02300586178 /* FirstViewController.h */,
				4FBDAD19164AB02300586178 /* FirstViewController.m */,
				4FBDAD1B164AB02400586178 /* first.png */,
				4FBDAD1D164AB02400586178 /* first@2x.png */,
				4FBDAD1F164AB02400586178 /* SecondViewController.h */,
				4FBDAD20164AB02400586178 /* SecondViewController.m */,
				4FBDAD22164AB02400586178 /* second.png */,
				4FBDAD24164AB02400586178 /* second@2x.png */,
				4FBDAD07164AB02300586178 /* Supporting Files */,
				4F872AC8164BF8B4004DC64A /* GridViewCell.h */,
				4F872AC9164BF8B4004DC64A /* GridViewCell.m */,
				4F872AFB164C01B4004DC64A /* GridViewController.h */,
				4F872AFC164C01B5004DC64A /* GridViewController.m */,
				4FED9BAD16510F4600421D7B /* DetailViewController.h */,
				4FED9BB2165114D300421D7B /* DataModel.h */,
				4FED9BB3165114D400421D7B /* DataModel.m */,
				4FED9BAE16510F4600421D7B /* DetailViewController.m */,
				4F886B59164C2413001E3783 /* BusinessService.h */,
				4F886B5A164C2413001E3783 /* BusinessService.m */,
			);
			path = BizApp;
			sourceTree = "<group>";
		};
		4FBDAD07164AB02300586178 /* Supporting Files */ = {
			isa = PBXGroup;
			children = (
				4FBDAD08164AB02300586178 /* BizApp-Info.plist */,
				4FBDAD09164AB02300586178 /* InfoPlist.strings */,
				4FBDAD0C164AB02300586178 /* main.m */,
				4FBDAD0E164AB02300586178 /* BizApp-Prefix.pch */,
			);
			name = "Supporting Files";
			sourceTree = "<group>";
		};
/* End PBXGroup section */

/* Begin PBXNativeTarget section */
		4FBDACFB164AB02300586178 /* BizApp */ = {
			isa = PBXNativeTarget;
			buildConfigurationList = 4FBDAD28164AB02400586178 /* Build configuration list for PBXNativeTarget "BizApp" */;
			buildPhases = (
				4FBDACF8164AB02300586178 /* Sources */,
				4FBDACF9164AB02300586178 /* Frameworks */,
				4FBDACFA164AB02300586178 /* Resources */,
			);
			buildRules = (
			);
			dependencies = (
			);
			name = BizApp;
			productName = BizApp;
			productReference = 4FBDACFC164AB02300586178 /* BizApp.app */;
			productType = "com.apple.product-type.application";
		};
/* End PBXNativeTarget section */

/* Begin PBXProject section */
		4FBDACF3164AB02300586178 /* Project object */ = {
			isa = PBXProject;
			attributes = {
				LastUpgradeCheck = 0430;
				ORGANIZATIONNAME = "The Plumtree Group";
			};
			buildConfigurationList = 4FBDACF6164AB02300586178 /* Build configuration list for PBXProject "BizApp" */;
			compatibilityVersion = "Xcode 3.2";
			developmentRegion = English;
			hasScannedForEncodings = 0;
			knownRegions = (
				en,
			);
			mainGroup = 4FBDACF1164AB02300586178;
			productRefGroup = 4FBDACFD164AB02300586178 /* Products */;
			projectDirPath = "";
			projectRoot = "";
			targets = (
				4FBDACFB164AB02300586178 /* BizApp */,
			);
		};
/* End PBXProject section */

/* Begin PBXResourcesBuildPhase section */
		4FBDACFA164AB02300586178 /* Resources */ = {
			isa = PBXResourcesBuildPhase;
			buildActionMask = 2147483647;
			files = (
				4FBDAD0B164AB02300586178 /* InfoPlist.strings in Resources */,
				4FBDAD14164AB02300586178 /* MainStoryboard_iPhone.storyboard in Resources */,
				4FBDAD17164AB02300586178 /* MainStoryboard_iPad.storyboard in Resources */,
				4FBDAD1C164AB02400586178 /* first.png in Resources */,
				4FBDAD1E164AB02400586178 /* first@2x.png in Resources */,
				4FBDAD23164AB02400586178 /* second.png in Resources */,
				4FBDAD25164AB02400586178 /* second@2x.png in Resources */,
				4F872AF6164BFB41004DC64A /* AQGridSelection.png in Resources */,
				4F872AF7164BFB41004DC64A /* AQGridSelectionGray.png in Resources */,
				4F872AF8164BFB41004DC64A /* AQGridSelectionGrayBlue.png in Resources */,
				4F872AF9164BFB41004DC64A /* AQGridSelectionGreen.png in Resources */,
				4F872AFA164BFB41004DC64A /* AQGridSelectionRed.png in Resources */,
				4F886B47164C173E001E3783 /* bg-app.png in Resources */,
				4F886B48164C173E001E3783 /* bg-app@2x.png in Resources */,
				4F886B49164C173E001E3783 /* bg-splash.png in Resources */,
				4F886B4A164C173E001E3783 /* bg-splash@2x.png in Resources */,
				4F886B4B164C173E001E3783 /* button-splash-pressed.png in Resources */,
				4F886B4C164C173E001E3783 /* button-splash-pressed@2x.png in Resources */,
				4F886B4D164C173E001E3783 /* button-splash.png in Resources */,
				4F886B4E164C173E001E3783 /* button-splash@2x.png in Resources */,
				4F886B4F164C173E001E3783 /* menubar.png in Resources */,
				4F886B50164C173E001E3783 /* menubar@2x.png in Resources */,
				4F886B51164C173E001E3783 /* service-1.jpg in Resources */,
				4F886B52164C173E001E3783 /* service-2.jpg in Resources */,
				4F886B53164C173E001E3783 /* service-3.jpg in Resources */,
				4F886B54164C173E001E3783 /* service-4.jpg in Resources */,
				4F886B55164C173E001E3783 /* service-5.jpg in Resources */,
				4F886B56164C173E001E3783 /* service-6.jpg in Resources */,
				4F886B57164C173E001E3783 /* tab-mask.png in Resources */,
				4F886B58164C173E001E3783 /* tab-mask@2x.png in Resources */,
			);
			runOnlyForDeploymentPostprocessing = 0;
		};
/* End PBXResourcesBuildPhase section */

/* Begin PBXSourcesBuildPhase section */
		4FBDACF8164AB02300586178 /* Sources */ = {
			isa = PBXSourcesBuildPhase;
			buildActionMask = 2147483647;
			files = (
				4FBDAD0D164AB02300586178 /* main.m in Sources */,
				4FBDAD11164AB02300586178 /* AppDelegate.m in Sources */,
				4FBDAD1A164AB02300586178 /* FirstViewController.m in Sources */,
				4FBDAD21164AB02400586178 /* SecondViewController.m in Sources */,
				4F872AB5164BE5A8004DC64A /* FXLabel.m in Sources */,
				4F872ACA164BF8B4004DC64A /* GridViewCell.m in Sources */,
				4F872AEC164BFB41004DC64A /* AQGridView.m in Sources */,
				4F872AED164BFB41004DC64A /* AQGridViewAnimatorItem.m in Sources */,
				4F872AEE164BFB41004DC64A /* AQGridViewCell.m in Sources */,
				4F872AEF164BFB41004DC64A /* AQGridViewController.m in Sources */,
				4F872AF0164BFB41004DC64A /* AQGridViewData.m in Sources */,
				4F872AF1164BFB41004DC64A /* AQGridViewUpdateInfo.m in Sources */,
				4F872AF2164BFB41004DC64A /* AQGridViewUpdateItem.m in Sources */,
				4F872AF3164BFB41004DC64A /* NSIndexSet+AQIndexesOutsideSet.m in Sources */,
				4F872AF4164BFB41004DC64A /* NSIndexSet+AQIsSetContiguous.m in Sources */,
				4F872AF5164BFB41004DC64A /* UIColor+AQGridView.m in Sources */,
				4F872AFD164C01B5004DC64A /* GridViewController.m in Sources */,
				4F886B5B164C2413001E3783 /* BusinessService.h in Sources */,
				4F886B5C164C2413001E3783 /* BusinessService.m in Sources */,
				4FED9BAF16510F4600421D7B /* DetailViewController.h in Sources */,
				4FED9BB016510F4600421D7B /* DetailViewController.m in Sources */,
				4FED9BB4165114D400421D7B /* DataModel.h in Sources */,
				4FED9BB5165114D400421D7B /* DataModel.m in Sources */,
			);
			runOnlyForDeploymentPostprocessing = 0;
		};
/* End PBXSourcesBuildPhase section */

/* Begin PBXVariantGroup section */
		4FBDAD09164AB02300586178 /* InfoPlist.strings */ = {
			isa = PBXVariantGroup;
			children = (
				4FBDAD0A164AB02300586178 /* en */,
			);
			name = InfoPlist.strings;
			sourceTree = "<group>";
		};
		4FBDAD12164AB02300586178 /* MainStoryboard_iPhone.storyboard */ = {
			isa = PBXVariantGroup;
			children = (
				4FBDAD13164AB02300586178 /* en */,
			);
			name = MainStoryboard_iPhone.storyboard;
			sourceTree = "<group>";
		};
		4FBDAD15164AB02300586178 /* MainStoryboard_iPad.storyboard */ = {
			isa = PBXVariantGroup;
			children = (
				4FBDAD16164AB02300586178 /* en */,
			);
			name = MainStoryboard_iPad.storyboard;
			sourceTree = "<group>";
		};
/* End PBXVariantGroup section */

/* Begin XCBuildConfiguration section */
		4FBDAD26164AB02400586178 /* Debug */ = {
			isa = XCBuildConfiguration;
			buildSettings = {
				ALWAYS_SEARCH_USER_PATHS = NO;
				ARCHS = "$(ARCHS_STANDARD_32_BIT)";
				CLANG_ENABLE_OBJC_ARC = YES;
				"CODE_SIGN_IDENTITY[sdk=iphoneos*]" = "iPhone Developer";
				COPY_PHASE_STRIP = NO;
				GCC_C_LANGUAGE_STANDARD = gnu99;
				GCC_DYNAMIC_NO_PIC = NO;
				GCC_OPTIMIZATION_LEVEL = 0;
				GCC_PREPROCESSOR_DEFINITIONS = (
					"DEBUG=1",
					"$(inherited)",
				);
				GCC_SYMBOLS_PRIVATE_EXTERN = NO;
				GCC_VERSION = com.apple.compilers.llvm.clang.1_0;
				GCC_WARN_ABOUT_RETURN_TYPE = YES;
				GCC_WARN_UNINITIALIZED_AUTOS = YES;
				GCC_WARN_UNUSED_VARIABLE = YES;
				IPHONEOS_DEPLOYMENT_TARGET = 5.1;
				SDKROOT = iphoneos;
				TARGETED_DEVICE_FAMILY = "1,2";
			};
			name = Debug;
		};
		4FBDAD27164AB02400586178 /* Release */ = {
			isa = XCBuildConfiguration;
			buildSettings = {
				ALWAYS_SEARCH_USER_PATHS = NO;
				ARCHS = "$(ARCHS_STANDARD_32_BIT)";
				CLANG_ENABLE_OBJC_ARC = YES;
				"CODE_SIGN_IDENTITY[sdk=iphoneos*]" = "iPhone Developer";
				COPY_PHASE_STRIP = YES;
				GCC_C_LANGUAGE_STANDARD = gnu99;
				GCC_VERSION = com.apple.compilers.llvm.clang.1_0;
				GCC_WARN_ABOUT_RETURN_TYPE = YES;
				GCC_WARN_UNINITIALIZED_AUTOS = YES;
				GCC_WARN_UNUSED_VARIABLE = YES;
				IPHONEOS_DEPLOYMENT_TARGET = 5.1;
				OTHER_CFLAGS = "-DNS_BLOCK_ASSERTIONS=1";
				SDKROOT = iphoneos;
				TARGETED_DEVICE_FAMILY = "1,2";
				VALIDATE_PRODUCT = YES;
			};
			name = Release;
		};
		4FBDAD29164AB02400586178 /* Debug */ = {
			isa = XCBuildConfiguration;
			buildSettings = {
				GCC_PRECOMPILE_PREFIX_HEADER = YES;
				GCC_PREFIX_HEADER = "BizApp/BizApp-Prefix.pch";
				INFOPLIST_FILE = "BizApp/BizApp-Info.plist";
				PRODUCT_NAME = "$(TARGET_NAME)";
				WRAPPER_EXTENSION = app;
			};
			name = Debug;
		};
		4FBDAD2A164AB02400586178 /* Release */ = {
			isa = XCBuildConfiguration;
			buildSettings = {
				GCC_PRECOMPILE_PREFIX_HEADER = YES;
				GCC_PREFIX_HEADER = "BizApp/BizApp-Prefix.pch";
				INFOPLIST_FILE = "BizApp/BizApp-Info.plist";
				PRODUCT_NAME = "$(TARGET_NAME)";
				WRAPPER_EXTENSION = app;
			};
			name = Release;
		};
/* End XCBuildConfiguration section */

/* Begin XCConfigurationList section */
		4FBDACF6164AB02300586178 /* Build configuration list for PBXProject "BizApp" */ = {
			isa = XCConfigurationList;
			buildConfigurations = (
				4FBDAD26164AB02400586178 /* Debug */,
				4FBDAD27164AB02400586178 /* Release */,
			);
			defaultConfigurationIsVisible = 0;
			defaultConfigurationName = Release;
		};
		4FBDAD28164AB02400586178 /* Build configuration list for PBXNativeTarget "BizApp" */ = {
			isa = XCConfigurationList;
			buildConfigurations = (
				4FBDAD29164AB02400586178 /* Debug */,
				4FBDAD2A164AB02400586178 /* Release */,
			);
			defaultConfigurationIsVisible = 0;
			defaultConfigurationName = Release;
		};
/* End XCConfigurationList section */
	};
	rootObject = 4FBDACF3164AB02300586178 /* Project object */;
}
